
Microsoft Visual Studio Solution File, Format Version 11.00
# Visual Studio 2010
Project("{FAE04EC0-301F-11D3-BF4B-00C04F79EFBC}") = "WuxingogoRuntime", "WuxingogoRuntime\WuxingogoRuntime.csproj", "{B02B3AE4-0D8E-4A97-817D-3566203C38B3}"
EndProject
Global
	GlobalSection(SolutionConfigurationPlatforms) = preSolution
		Debug|Any CPU = Debug|Any CPU
		Release|Any CPU = Release|Any CPU
	EndGlobalSection
	GlobalSection(ProjectConfigurationPlatforms) = postSolution
		{B02B3AE4-0D8E-4A97-817D-3566203C38B3}.Debug|Any CPU.ActiveCfg = Debug|Any CPU
		{B02B3AE4-0D8E-4A97-817D-3566203C38B3}.Debug|Any CPU.Build.0 = Debug|Any CPU
		{B02B3AE4-0D8E-4A97-817D-3566203C38B3}.Release|Any CPU.ActiveCfg = Release|Any CPU
		{B02B3AE4-0D8E-4A97-817D-3566203C38B3}.Release|Any CPU.Build.0 = Release|Any CPU
	EndGlobalSection
	GlobalSection(MonoDevelopProperties) = preSolution
		StartupItem = WuxingogoRuntime\WuxingogoRuntime.csproj
	EndGlobalSection
EndGlobal
